{
  "lockfileVersion": 1,
  "workspaces": {
    "": {
      "name": "frontend",
      "dependencies": {
        "@primeuix/themes": "^1.2.5",
        "@vicons/antd": "^0.13.0",
        "axios": "^1.12.2",
        "firebase": "^12.4.0",
        "markdown-it": "^14.1.0",
        "pinia": "^3.0.3",
        "primeicons": "^7.0.0",
        "primevue": "^4.4.1",
        "react-icons": "^5.5.0",
        "tailwind-merge": "^3.3.1",
        "tailwindcss-primeui": "^0.6.1",
        "vue": "^3.5.22",
        "vue-router": "^4.5.1",
      },
      "devDependencies": {
        "@tailwindcss/vite": "^4.1.14",
        "@vitejs/plugin-vue": "^6.0.1",
        "autoprefixer": "^10.4.21",
        "dotenv": "^17.2.3",
        "postcss": "^8.5.6",
        "vite": "npm:rolldown-vite@7.1.16",
      },
    },
  },
  "packages": {
    "@babel/helper-string-parser": ["@babel/helper-string-parser@7.27.1", "", {}, ""],

    "@babel/helper-validator-identifier": ["@babel/helper-validator-identifier@7.27.1", "", {}, ""],

    "@babel/parser": ["@babel/parser@7.28.4", "", { "dependencies": { "@babel/types": "^7.28.4" }, "bin": { "parser": "bin/babel-parser.js" } }, ""],

    "@babel/types": ["@babel/types@7.28.4", "", { "dependencies": { "@babel/helper-string-parser": "^7.27.1", "@babel/helper-validator-identifier": "^7.27.1" } }, ""],

    "@firebase/ai": ["@firebase/ai@2.4.0", "", { "dependencies": { "@firebase/app-check-interop-types": "0.3.3", "@firebase/component": "0.7.0", "@firebase/logger": "0.5.0", "@firebase/util": "1.13.0", "tslib": "^2.1.0" }, "peerDependencies": { "@firebase/app": "0.x", "@firebase/app-types": "0.x" } }, ""],

    "@firebase/analytics": ["@firebase/analytics@0.10.19", "", { "dependencies": { "@firebase/component": "0.7.0", "@firebase/installations": "0.6.19", "@firebase/logger": "0.5.0", "@firebase/util": "1.13.0", "tslib": "^2.1.0" }, "peerDependencies": { "@firebase/app": "0.x" } }, ""],

    "@firebase/analytics-compat": ["@firebase/analytics-compat@0.2.25", "", { "dependencies": { "@firebase/analytics": "0.10.19", "@firebase/analytics-types": "0.8.3", "@firebase/component": "0.7.0", "@firebase/util": "1.13.0", "tslib": "^2.1.0" }, "peerDependencies": { "@firebase/app-compat": "0.x" } }, ""],

    "@firebase/analytics-types": ["@firebase/analytics-types@0.8.3", "", {}, ""],

    "@firebase/app": ["@firebase/app@0.14.4", "", { "dependencies": { "@firebase/component": "0.7.0", "@firebase/logger": "0.5.0", "@firebase/util": "1.13.0", "idb": "7.1.1", "tslib": "^2.1.0" } }, ""],

    "@firebase/app-check": ["@firebase/app-check@0.11.0", "", { "dependencies": { "@firebase/component": "0.7.0", "@firebase/logger": "0.5.0", "@firebase/util": "1.13.0", "tslib": "^2.1.0" }, "peerDependencies": { "@firebase/app": "0.x" } }, ""],

    "@firebase/app-check-compat": ["@firebase/app-check-compat@0.4.0", "", { "dependencies": { "@firebase/app-check": "0.11.0", "@firebase/app-check-types": "0.5.3", "@firebase/component": "0.7.0", "@firebase/logger": "0.5.0", "@firebase/util": "1.13.0", "tslib": "^2.1.0" }, "peerDependencies": { "@firebase/app-compat": "0.x" } }, ""],

    "@firebase/app-check-interop-types": ["@firebase/app-check-interop-types@0.3.3", "", {}, ""],

    "@firebase/app-check-types": ["@firebase/app-check-types@0.5.3", "", {}, ""],

    "@firebase/app-compat": ["@firebase/app-compat@0.5.4", "", { "dependencies": { "@firebase/app": "0.14.4", "@firebase/component": "0.7.0", "@firebase/logger": "0.5.0", "@firebase/util": "1.13.0", "tslib": "^2.1.0" } }, ""],

    "@firebase/app-types": ["@firebase/app-types@0.9.3", "", {}, ""],

    "@firebase/auth": ["@firebase/auth@1.11.0", "", { "dependencies": { "@firebase/component": "0.7.0", "@firebase/logger": "0.5.0", "@firebase/util": "1.13.0", "tslib": "^2.1.0" }, "peerDependencies": { "@firebase/app": "0.x", "@react-native-async-storage/async-storage": "^1.18.1" }, "optionalPeers": ["@react-native-async-storage/async-storage"] }, ""],

    "@firebase/auth-compat": ["@firebase/auth-compat@0.6.0", "", { "dependencies": { "@firebase/auth": "1.11.0", "@firebase/auth-types": "0.13.0", "@firebase/component": "0.7.0", "@firebase/util": "1.13.0", "tslib": "^2.1.0" }, "peerDependencies": { "@firebase/app-compat": "0.x" } }, ""],

    "@firebase/auth-interop-types": ["@firebase/auth-interop-types@0.2.4", "", {}, ""],

    "@firebase/auth-types": ["@firebase/auth-types@0.13.0", "", { "peerDependencies": { "@firebase/app-types": "0.x", "@firebase/util": "1.x" } }, ""],

    "@firebase/component": ["@firebase/component@0.7.0", "", { "dependencies": { "@firebase/util": "1.13.0", "tslib": "^2.1.0" } }, ""],

    "@firebase/data-connect": ["@firebase/data-connect@0.3.11", "", { "dependencies": { "@firebase/auth-interop-types": "0.2.4", "@firebase/component": "0.7.0", "@firebase/logger": "0.5.0", "@firebase/util": "1.13.0", "tslib": "^2.1.0" }, "peerDependencies": { "@firebase/app": "0.x" } }, ""],

    "@firebase/database": ["@firebase/database@1.1.0", "", { "dependencies": { "@firebase/app-check-interop-types": "0.3.3", "@firebase/auth-interop-types": "0.2.4", "@firebase/component": "0.7.0", "@firebase/logger": "0.5.0", "@firebase/util": "1.13.0", "faye-websocket": "0.11.4", "tslib": "^2.1.0" } }, ""],

    "@firebase/database-compat": ["@firebase/database-compat@2.1.0", "", { "dependencies": { "@firebase/component": "0.7.0", "@firebase/database": "1.1.0", "@firebase/database-types": "1.0.16", "@firebase/logger": "0.5.0", "@firebase/util": "1.13.0", "tslib": "^2.1.0" } }, ""],

    "@firebase/database-types": ["@firebase/database-types@1.0.16", "", { "dependencies": { "@firebase/app-types": "0.9.3", "@firebase/util": "1.13.0" } }, ""],

    "@firebase/firestore": ["@firebase/firestore@4.9.2", "", { "dependencies": { "@firebase/component": "0.7.0", "@firebase/logger": "0.5.0", "@firebase/util": "1.13.0", "@firebase/webchannel-wrapper": "1.0.5", "@grpc/grpc-js": "~1.9.0", "@grpc/proto-loader": "^0.7.8", "tslib": "^2.1.0" }, "peerDependencies": { "@firebase/app": "0.x" } }, ""],

    "@firebase/firestore-compat": ["@firebase/firestore-compat@0.4.2", "", { "dependencies": { "@firebase/component": "0.7.0", "@firebase/firestore": "4.9.2", "@firebase/firestore-types": "3.0.3", "@firebase/util": "1.13.0", "tslib": "^2.1.0" }, "peerDependencies": { "@firebase/app-compat": "0.x" } }, ""],

    "@firebase/firestore-types": ["@firebase/firestore-types@3.0.3", "", { "peerDependencies": { "@firebase/app-types": "0.x", "@firebase/util": "1.x" } }, ""],

    "@firebase/functions": ["@firebase/functions@0.13.1", "", { "dependencies": { "@firebase/app-check-interop-types": "0.3.3", "@firebase/auth-interop-types": "0.2.4", "@firebase/component": "0.7.0", "@firebase/messaging-interop-types": "0.2.3", "@firebase/util": "1.13.0", "tslib": "^2.1.0" }, "peerDependencies": { "@firebase/app": "0.x" } }, ""],

    "@firebase/functions-compat": ["@firebase/functions-compat@0.4.1", "", { "dependencies": { "@firebase/component": "0.7.0", "@firebase/functions": "0.13.1", "@firebase/functions-types": "0.6.3", "@firebase/util": "1.13.0", "tslib": "^2.1.0" }, "peerDependencies": { "@firebase/app-compat": "0.x" } }, ""],

    "@firebase/functions-types": ["@firebase/functions-types@0.6.3", "", {}, ""],

    "@firebase/installations": ["@firebase/installations@0.6.19", "", { "dependencies": { "@firebase/component": "0.7.0", "@firebase/util": "1.13.0", "idb": "7.1.1", "tslib": "^2.1.0" }, "peerDependencies": { "@firebase/app": "0.x" } }, ""],

    "@firebase/installations-compat": ["@firebase/installations-compat@0.2.19", "", { "dependencies": { "@firebase/component": "0.7.0", "@firebase/installations": "0.6.19", "@firebase/installations-types": "0.5.3", "@firebase/util": "1.13.0", "tslib": "^2.1.0" }, "peerDependencies": { "@firebase/app-compat": "0.x" } }, ""],

    "@firebase/installations-types": ["@firebase/installations-types@0.5.3", "", { "peerDependencies": { "@firebase/app-types": "0.x" } }, ""],

    "@firebase/logger": ["@firebase/logger@0.5.0", "", { "dependencies": { "tslib": "^2.1.0" } }, ""],

    "@firebase/messaging": ["@firebase/messaging@0.12.23", "", { "dependencies": { "@firebase/component": "0.7.0", "@firebase/installations": "0.6.19", "@firebase/messaging-interop-types": "0.2.3", "@firebase/util": "1.13.0", "idb": "7.1.1", "tslib": "^2.1.0" }, "peerDependencies": { "@firebase/app": "0.x" } }, ""],

    "@firebase/messaging-compat": ["@firebase/messaging-compat@0.2.23", "", { "dependencies": { "@firebase/component": "0.7.0", "@firebase/messaging": "0.12.23", "@firebase/util": "1.13.0", "tslib": "^2.1.0" }, "peerDependencies": { "@firebase/app-compat": "0.x" } }, ""],

    "@firebase/messaging-interop-types": ["@firebase/messaging-interop-types@0.2.3", "", {}, ""],

    "@firebase/performance": ["@firebase/performance@0.7.9", "", { "dependencies": { "@firebase/component": "0.7.0", "@firebase/installations": "0.6.19", "@firebase/logger": "0.5.0", "@firebase/util": "1.13.0", "tslib": "^2.1.0", "web-vitals": "^4.2.4" }, "peerDependencies": { "@firebase/app": "0.x" } }, ""],

    "@firebase/performance-compat": ["@firebase/performance-compat@0.2.22", "", { "dependencies": { "@firebase/component": "0.7.0", "@firebase/logger": "0.5.0", "@firebase/performance": "0.7.9", "@firebase/performance-types": "0.2.3", "@firebase/util": "1.13.0", "tslib": "^2.1.0" }, "peerDependencies": { "@firebase/app-compat": "0.x" } }, ""],

    "@firebase/performance-types": ["@firebase/performance-types@0.2.3", "", {}, ""],

    "@firebase/remote-config": ["@firebase/remote-config@0.7.0", "", { "dependencies": { "@firebase/component": "0.7.0", "@firebase/installations": "0.6.19", "@firebase/logger": "0.5.0", "@firebase/util": "1.13.0", "tslib": "^2.1.0" }, "peerDependencies": { "@firebase/app": "0.x" } }, ""],

    "@firebase/remote-config-compat": ["@firebase/remote-config-compat@0.2.20", "", { "dependencies": { "@firebase/component": "0.7.0", "@firebase/logger": "0.5.0", "@firebase/remote-config": "0.7.0", "@firebase/remote-config-types": "0.5.0", "@firebase/util": "1.13.0", "tslib": "^2.1.0" }, "peerDependencies": { "@firebase/app-compat": "0.x" } }, ""],

    "@firebase/remote-config-types": ["@firebase/remote-config-types@0.5.0", "", {}, ""],

    "@firebase/storage": ["@firebase/storage@0.14.0", "", { "dependencies": { "@firebase/component": "0.7.0", "@firebase/util": "1.13.0", "tslib": "^2.1.0" }, "peerDependencies": { "@firebase/app": "0.x" } }, ""],

    "@firebase/storage-compat": ["@firebase/storage-compat@0.4.0", "", { "dependencies": { "@firebase/component": "0.7.0", "@firebase/storage": "0.14.0", "@firebase/storage-types": "0.8.3", "@firebase/util": "1.13.0", "tslib": "^2.1.0" }, "peerDependencies": { "@firebase/app-compat": "0.x" } }, ""],

    "@firebase/storage-types": ["@firebase/storage-types@0.8.3", "", { "peerDependencies": { "@firebase/app-types": "0.x", "@firebase/util": "1.x" } }, ""],

    "@firebase/util": ["@firebase/util@1.13.0", "", { "dependencies": { "tslib": "^2.1.0" } }, ""],

    "@firebase/webchannel-wrapper": ["@firebase/webchannel-wrapper@1.0.5", "", {}, ""],

    "@grpc/grpc-js": ["@grpc/grpc-js@1.9.15", "", { "dependencies": { "@grpc/proto-loader": "^0.7.8", "@types/node": ">=12.12.47" } }, ""],

    "@grpc/proto-loader": ["@grpc/proto-loader@0.7.15", "", { "dependencies": { "lodash.camelcase": "^4.3.0", "long": "^5.0.0", "protobufjs": "^7.2.5", "yargs": "^17.7.2" }, "bin": { "proto-loader-gen-types": "build/bin/proto-loader-gen-types.js" } }, ""],

    "@isaacs/fs-minipass": ["@isaacs/fs-minipass@4.0.1", "", { "dependencies": { "minipass": "^7.0.4" } }, ""],

    "@jridgewell/gen-mapping": ["@jridgewell/gen-mapping@0.3.13", "", { "dependencies": { "@jridgewell/sourcemap-codec": "^1.5.0", "@jridgewell/trace-mapping": "^0.3.24" } }, ""],

    "@jridgewell/remapping": ["@jridgewell/remapping@2.3.5", "", { "dependencies": { "@jridgewell/gen-mapping": "^0.3.5", "@jridgewell/trace-mapping": "^0.3.24" } }, ""],

    "@jridgewell/resolve-uri": ["@jridgewell/resolve-uri@3.1.2", "", {}, ""],

    "@jridgewell/sourcemap-codec": ["@jridgewell/sourcemap-codec@1.5.5", "", {}, ""],

    "@jridgewell/trace-mapping": ["@jridgewell/trace-mapping@0.3.31", "", { "dependencies": { "@jridgewell/resolve-uri": "^3.1.0", "@jridgewell/sourcemap-codec": "^1.4.14" } }, ""],

    "@oxc-project/runtime": ["@oxc-project/runtime@0.92.0", "", {}, ""],

    "@oxc-project/types": ["@oxc-project/types@0.94.0", "", {}, ""],

    "@primeuix/styled": ["@primeuix/styled@0.7.4", "", { "dependencies": { "@primeuix/utils": "^0.6.1" } }, ""],

    "@primeuix/styles": ["@primeuix/styles@1.2.5", "", { "dependencies": { "@primeuix/styled": "^0.7.3" } }, ""],

    "@primeuix/themes": ["@primeuix/themes@1.2.5", "", { "dependencies": { "@primeuix/styled": "^0.7.3" } }, ""],

    "@primeuix/utils": ["@primeuix/utils@0.6.1", "", {}, ""],

    "@primevue/core": ["@primevue/core@4.4.1", "", { "dependencies": { "@primeuix/styled": "^0.7.4", "@primeuix/utils": "^0.6.1" }, "peerDependencies": { "vue": "^3.5.0" } }, ""],

    "@primevue/icons": ["@primevue/icons@4.4.1", "", { "dependencies": { "@primeuix/utils": "^0.6.1", "@primevue/core": "4.4.1" } }, ""],

    "@protobufjs/aspromise": ["@protobufjs/aspromise@1.1.2", "", {}, ""],

    "@protobufjs/base64": ["@protobufjs/base64@1.1.2", "", {}, ""],

    "@protobufjs/codegen": ["@protobufjs/codegen@2.0.4", "", {}, ""],

    "@protobufjs/eventemitter": ["@protobufjs/eventemitter@1.1.0", "", {}, ""],

    "@protobufjs/fetch": ["@protobufjs/fetch@1.1.0", "", { "dependencies": { "@protobufjs/aspromise": "^1.1.1", "@protobufjs/inquire": "^1.1.0" } }, ""],

    "@protobufjs/float": ["@protobufjs/float@1.0.2", "", {}, ""],

    "@protobufjs/inquire": ["@protobufjs/inquire@1.1.0", "", {}, ""],

    "@protobufjs/path": ["@protobufjs/path@1.1.2", "", {}, ""],

    "@protobufjs/pool": ["@protobufjs/pool@1.1.0", "", {}, ""],

    "@protobufjs/utf8": ["@protobufjs/utf8@1.1.0", "", {}, ""],

    "@rolldown/binding-win32-x64-msvc": ["@rolldown/binding-win32-x64-msvc@1.0.0-beta.42", "", { "os": "win32", "cpu": "x64" }, ""],

    "@rolldown/pluginutils": ["@rolldown/pluginutils@1.0.0-beta.29", "", {}, ""],

    "@tailwindcss/node": ["@tailwindcss/node@4.1.14", "", { "dependencies": { "@jridgewell/remapping": "^2.3.4", "enhanced-resolve": "^5.18.3", "jiti": "^2.6.0", "lightningcss": "1.30.1", "magic-string": "^0.30.19", "source-map-js": "^1.2.1", "tailwindcss": "4.1.14" } }, ""],

    "@tailwindcss/oxide": ["@tailwindcss/oxide@4.1.14", "", { "dependencies": { "detect-libc": "^2.0.4", "tar": "^7.5.1" }, "optionalDependencies": { "@tailwindcss/oxide-win32-x64-msvc": "4.1.14" } }, ""],

    "@tailwindcss/oxide-win32-x64-msvc": ["@tailwindcss/oxide-win32-x64-msvc@4.1.14", "", { "os": "win32", "cpu": "x64" }, ""],

    "@tailwindcss/vite": ["@tailwindcss/vite@4.1.14", "", { "dependencies": { "@tailwindcss/node": "4.1.14", "@tailwindcss/oxide": "4.1.14", "tailwindcss": "4.1.14" }, "peerDependencies": { "vite": "^5.2.0 || ^6 || ^7" } }, ""],

    "@types/node": ["@types/node@24.7.0", "", { "dependencies": { "undici-types": "~7.14.0" } }, ""],

    "@vicons/antd": ["@vicons/antd@0.13.0", "", {}, ""],

    "@vitejs/plugin-vue": ["@vitejs/plugin-vue@6.0.1", "", { "dependencies": { "@rolldown/pluginutils": "1.0.0-beta.29" }, "peerDependencies": { "vite": "^5.0.0 || ^6.0.0 || ^7.0.0", "vue": "^3.2.25" } }, ""],

    "@vue/compiler-core": ["@vue/compiler-core@3.5.22", "", { "dependencies": { "@babel/parser": "^7.28.4", "@vue/shared": "3.5.22", "entities": "^4.5.0", "estree-walker": "^2.0.2", "source-map-js": "^1.2.1" } }, ""],

    "@vue/compiler-dom": ["@vue/compiler-dom@3.5.22", "", { "dependencies": { "@vue/compiler-core": "3.5.22", "@vue/shared": "3.5.22" } }, ""],

    "@vue/compiler-sfc": ["@vue/compiler-sfc@3.5.22", "", { "dependencies": { "@babel/parser": "^7.28.4", "@vue/compiler-core": "3.5.22", "@vue/compiler-dom": "3.5.22", "@vue/compiler-ssr": "3.5.22", "@vue/shared": "3.5.22", "estree-walker": "^2.0.2", "magic-string": "^0.30.19", "postcss": "^8.5.6", "source-map-js": "^1.2.1" } }, ""],

    "@vue/compiler-ssr": ["@vue/compiler-ssr@3.5.22", "", { "dependencies": { "@vue/compiler-dom": "3.5.22", "@vue/shared": "3.5.22" } }, ""],

    "@vue/devtools-api": ["@vue/devtools-api@7.7.7", "", { "dependencies": { "@vue/devtools-kit": "^7.7.7" } }, ""],

    "@vue/devtools-kit": ["@vue/devtools-kit@7.7.7", "", { "dependencies": { "@vue/devtools-shared": "^7.7.7", "birpc": "^2.3.0", "hookable": "^5.5.3", "mitt": "^3.0.1", "perfect-debounce": "^1.0.0", "speakingurl": "^14.0.1", "superjson": "^2.2.2" } }, ""],

    "@vue/devtools-shared": ["@vue/devtools-shared@7.7.7", "", { "dependencies": { "rfdc": "^1.4.1" } }, ""],

    "@vue/reactivity": ["@vue/reactivity@3.5.22", "", { "dependencies": { "@vue/shared": "3.5.22" } }, ""],

    "@vue/runtime-core": ["@vue/runtime-core@3.5.22", "", { "dependencies": { "@vue/reactivity": "3.5.22", "@vue/shared": "3.5.22" } }, ""],

    "@vue/runtime-dom": ["@vue/runtime-dom@3.5.22", "", { "dependencies": { "@vue/reactivity": "3.5.22", "@vue/runtime-core": "3.5.22", "@vue/shared": "3.5.22", "csstype": "^3.1.3" } }, ""],

    "@vue/server-renderer": ["@vue/server-renderer@3.5.22", "", { "dependencies": { "@vue/compiler-ssr": "3.5.22", "@vue/shared": "3.5.22" }, "peerDependencies": { "vue": "3.5.22" } }, ""],

    "@vue/shared": ["@vue/shared@3.5.22", "", {}, ""],

    "ansi-regex": ["ansi-regex@5.0.1", "", {}, ""],

    "ansi-styles": ["ansi-styles@4.3.0", "", { "dependencies": { "color-convert": "^2.0.1" } }, ""],

    "ansis": ["ansis@4.2.0", "", {}, ""],

    "argparse": ["argparse@2.0.1", "", {}, ""],

    "asynckit": ["asynckit@0.4.0", "", {}, ""],

    "autoprefixer": ["autoprefixer@10.4.21", "", { "dependencies": { "browserslist": "^4.24.4", "caniuse-lite": "^1.0.30001702", "fraction.js": "^4.3.7", "normalize-range": "^0.1.2", "picocolors": "^1.1.1", "postcss-value-parser": "^4.2.0" }, "peerDependencies": { "postcss": "^8.1.0" }, "bin": "bin/autoprefixer" }, ""],

    "axios": ["axios@1.12.2", "", { "dependencies": { "follow-redirects": "^1.15.6", "form-data": "^4.0.4", "proxy-from-env": "^1.1.0" } }, ""],

    "baseline-browser-mapping": ["baseline-browser-mapping@2.8.14", "", { "bin": "dist/cli.js" }, ""],

    "birpc": ["birpc@2.6.1", "", {}, ""],

    "browserslist": ["browserslist@4.26.3", "", { "dependencies": { "baseline-browser-mapping": "^2.8.9", "caniuse-lite": "^1.0.30001746", "electron-to-chromium": "^1.5.227", "node-releases": "^2.0.21", "update-browserslist-db": "^1.1.3" }, "bin": "cli.js" }, ""],

    "call-bind-apply-helpers": ["call-bind-apply-helpers@1.0.2", "", { "dependencies": { "es-errors": "^1.3.0", "function-bind": "^1.1.2" } }, ""],

    "caniuse-lite": ["caniuse-lite@1.0.30001749", "", {}, ""],

    "chownr": ["chownr@3.0.0", "", {}, ""],

    "cliui": ["cliui@8.0.1", "", { "dependencies": { "string-width": "^4.2.0", "strip-ansi": "^6.0.1", "wrap-ansi": "^7.0.0" } }, ""],

    "color-convert": ["color-convert@2.0.1", "", { "dependencies": { "color-name": "~1.1.4" } }, ""],

    "color-name": ["color-name@1.1.4", "", {}, ""],

    "combined-stream": ["combined-stream@1.0.8", "", { "dependencies": { "delayed-stream": "~1.0.0" } }, ""],

    "copy-anything": ["copy-anything@3.0.5", "", { "dependencies": { "is-what": "^4.1.8" } }, ""],

    "csstype": ["csstype@3.1.3", "", {}, ""],

    "delayed-stream": ["delayed-stream@1.0.0", "", {}, ""],

    "detect-libc": ["detect-libc@2.1.2", "", {}, ""],

    "dotenv": ["dotenv@17.2.3", "", {}, ""],

    "dunder-proto": ["dunder-proto@1.0.1", "", { "dependencies": { "call-bind-apply-helpers": "^1.0.1", "es-errors": "^1.3.0", "gopd": "^1.2.0" } }, ""],

    "electron-to-chromium": ["electron-to-chromium@1.5.233", "", {}, ""],

    "emoji-regex": ["emoji-regex@8.0.0", "", {}, ""],

    "enhanced-resolve": ["enhanced-resolve@5.18.3", "", { "dependencies": { "graceful-fs": "^4.2.4", "tapable": "^2.2.0" } }, ""],

    "entities": ["entities@4.5.0", "", {}, ""],

    "es-define-property": ["es-define-property@1.0.1", "", {}, ""],

    "es-errors": ["es-errors@1.3.0", "", {}, ""],

    "es-object-atoms": ["es-object-atoms@1.1.1", "", { "dependencies": { "es-errors": "^1.3.0" } }, ""],

    "es-set-tostringtag": ["es-set-tostringtag@2.1.0", "", { "dependencies": { "es-errors": "^1.3.0", "get-intrinsic": "^1.2.6", "has-tostringtag": "^1.0.2", "hasown": "^2.0.2" } }, ""],

    "escalade": ["escalade@3.2.0", "", {}, ""],

    "estree-walker": ["estree-walker@2.0.2", "", {}, ""],

    "faye-websocket": ["faye-websocket@0.11.4", "", { "dependencies": { "websocket-driver": ">=0.5.1" } }, ""],

    "fdir": ["fdir@6.5.0", "", { "peerDependencies": { "picomatch": "^3 || ^4" } }, ""],

    "firebase": ["firebase@12.4.0", "", { "dependencies": { "@firebase/ai": "2.4.0", "@firebase/analytics": "0.10.19", "@firebase/analytics-compat": "0.2.25", "@firebase/app": "0.14.4", "@firebase/app-check": "0.11.0", "@firebase/app-check-compat": "0.4.0", "@firebase/app-compat": "0.5.4", "@firebase/app-types": "0.9.3", "@firebase/auth": "1.11.0", "@firebase/auth-compat": "0.6.0", "@firebase/data-connect": "0.3.11", "@firebase/database": "1.1.0", "@firebase/database-compat": "2.1.0", "@firebase/firestore": "4.9.2", "@firebase/firestore-compat": "0.4.2", "@firebase/functions": "0.13.1", "@firebase/functions-compat": "0.4.1", "@firebase/installations": "0.6.19", "@firebase/installations-compat": "0.2.19", "@firebase/messaging": "0.12.23", "@firebase/messaging-compat": "0.2.23", "@firebase/performance": "0.7.9", "@firebase/performance-compat": "0.2.22", "@firebase/remote-config": "0.7.0", "@firebase/remote-config-compat": "0.2.20", "@firebase/storage": "0.14.0", "@firebase/storage-compat": "0.4.0", "@firebase/util": "1.13.0" } }, ""],

    "follow-redirects": ["follow-redirects@1.15.11", "", {}, ""],

    "form-data": ["form-data@4.0.4", "", { "dependencies": { "asynckit": "^0.4.0", "combined-stream": "^1.0.8", "es-set-tostringtag": "^2.1.0", "hasown": "^2.0.2", "mime-types": "^2.1.12" } }, ""],

    "fraction.js": ["fraction.js@4.3.7", "", {}, ""],

    "function-bind": ["function-bind@1.1.2", "", {}, ""],

    "get-caller-file": ["get-caller-file@2.0.5", "", {}, ""],

    "get-intrinsic": ["get-intrinsic@1.3.0", "", { "dependencies": { "call-bind-apply-helpers": "^1.0.2", "es-define-property": "^1.0.1", "es-errors": "^1.3.0", "es-object-atoms": "^1.1.1", "function-bind": "^1.1.2", "get-proto": "^1.0.1", "gopd": "^1.2.0", "has-symbols": "^1.1.0", "hasown": "^2.0.2", "math-intrinsics": "^1.1.0" } }, ""],

    "get-proto": ["get-proto@1.0.1", "", { "dependencies": { "dunder-proto": "^1.0.1", "es-object-atoms": "^1.0.0" } }, ""],

    "gopd": ["gopd@1.2.0", "", {}, ""],

    "graceful-fs": ["graceful-fs@4.2.11", "", {}, ""],

    "has-symbols": ["has-symbols@1.1.0", "", {}, ""],

    "has-tostringtag": ["has-tostringtag@1.0.2", "", { "dependencies": { "has-symbols": "^1.0.3" } }, ""],

    "hasown": ["hasown@2.0.2", "", { "dependencies": { "function-bind": "^1.1.2" } }, ""],

    "hookable": ["hookable@5.5.3", "", {}, ""],

    "http-parser-js": ["http-parser-js@0.5.10", "", {}, ""],

    "idb": ["idb@7.1.1", "", {}, ""],

    "is-fullwidth-code-point": ["is-fullwidth-code-point@3.0.0", "", {}, ""],

    "is-what": ["is-what@4.1.16", "", {}, ""],

    "jiti": ["jiti@2.6.1", "", { "bin": "lib/jiti-cli.mjs" }, ""],

    "lightningcss": ["lightningcss@1.30.2", "", { "dependencies": { "detect-libc": "^2.0.3" }, "optionalDependencies": { "lightningcss-win32-x64-msvc": "1.30.2" } }, ""],

    "lightningcss-win32-x64-msvc": ["lightningcss-win32-x64-msvc@1.30.2", "", { "os": "win32", "cpu": "x64" }, ""],

    "linkify-it": ["linkify-it@5.0.0", "", { "dependencies": { "uc.micro": "^2.0.0" } }, ""],

    "lodash.camelcase": ["lodash.camelcase@4.3.0", "", {}, ""],

    "long": ["long@5.3.2", "", {}, ""],

    "magic-string": ["magic-string@0.30.19", "", { "dependencies": { "@jridgewell/sourcemap-codec": "^1.5.5" } }, ""],

    "markdown-it": ["markdown-it@14.1.0", "", { "dependencies": { "argparse": "^2.0.1", "entities": "^4.4.0", "linkify-it": "^5.0.0", "mdurl": "^2.0.0", "punycode.js": "^2.3.1", "uc.micro": "^2.1.0" }, "bin": "bin/markdown-it.mjs" }, ""],

    "math-intrinsics": ["math-intrinsics@1.1.0", "", {}, ""],

    "mdurl": ["mdurl@2.0.0", "", {}, ""],

    "mime-db": ["mime-db@1.52.0", "", {}, ""],

    "mime-types": ["mime-types@2.1.35", "", { "dependencies": { "mime-db": "1.52.0" } }, ""],

    "minipass": ["minipass@7.1.2", "", {}, ""],

    "minizlib": ["minizlib@3.1.0", "", { "dependencies": { "minipass": "^7.1.2" } }, ""],

    "mitt": ["mitt@3.0.1", "", {}, ""],

    "nanoid": ["nanoid@3.3.11", "", { "bin": "bin/nanoid.cjs" }, ""],

    "node-releases": ["node-releases@2.0.23", "", {}, ""],

    "normalize-range": ["normalize-range@0.1.2", "", {}, ""],

    "perfect-debounce": ["perfect-debounce@1.0.0", "", {}, ""],

    "picocolors": ["picocolors@1.1.1", "", {}, ""],

    "picomatch": ["picomatch@4.0.3", "", {}, ""],

    "pinia": ["pinia@3.0.3", "", { "dependencies": { "@vue/devtools-api": "^7.7.2" }, "peerDependencies": { "typescript": ">=4.4.4", "vue": "^2.7.0 || ^3.5.11" }, "optionalPeers": ["typescript"] }, ""],

    "postcss": ["postcss@8.5.6", "", { "dependencies": { "nanoid": "^3.3.11", "picocolors": "^1.1.1", "source-map-js": "^1.2.1" } }, ""],

    "postcss-value-parser": ["postcss-value-parser@4.2.0", "", {}, ""],

    "primeicons": ["primeicons@7.0.0", "", {}, ""],

    "primevue": ["primevue@4.4.1", "", { "dependencies": { "@primeuix/styled": "^0.7.4", "@primeuix/styles": "^1.2.5", "@primeuix/utils": "^0.6.1", "@primevue/core": "4.4.1", "@primevue/icons": "4.4.1" } }, ""],

    "protobufjs": ["protobufjs@7.5.4", "", { "dependencies": { "@protobufjs/aspromise": "^1.1.2", "@protobufjs/base64": "^1.1.2", "@protobufjs/codegen": "^2.0.4", "@protobufjs/eventemitter": "^1.1.0", "@protobufjs/fetch": "^1.1.0", "@protobufjs/float": "^1.0.2", "@protobufjs/inquire": "^1.1.0", "@protobufjs/path": "^1.1.2", "@protobufjs/pool": "^1.1.0", "@protobufjs/utf8": "^1.1.0", "@types/node": ">=13.7.0", "long": "^5.0.0" } }, ""],

    "proxy-from-env": ["proxy-from-env@1.1.0", "", {}, ""],

    "punycode.js": ["punycode.js@2.3.1", "", {}, ""],

    "react": ["react@19.2.0", "", {}, ""],

    "react-icons": ["react-icons@5.5.0", "", { "peerDependencies": { "react": "*" } }, ""],

    "require-directory": ["require-directory@2.1.1", "", {}, ""],

    "rfdc": ["rfdc@1.4.1", "", {}, ""],

    "rolldown": ["rolldown@1.0.0-beta.42", "", { "dependencies": { "@oxc-project/types": "=0.94.0", "@rolldown/pluginutils": "1.0.0-beta.42", "ansis": "=4.2.0" }, "optionalDependencies": { "@rolldown/binding-win32-x64-msvc": "1.0.0-beta.42" }, "bin": "bin/cli.mjs" }, ""],

    "safe-buffer": ["safe-buffer@5.2.1", "", {}, ""],

    "source-map-js": ["source-map-js@1.2.1", "", {}, ""],

    "speakingurl": ["speakingurl@14.0.1", "", {}, ""],

    "string-width": ["string-width@4.2.3", "", { "dependencies": { "emoji-regex": "^8.0.0", "is-fullwidth-code-point": "^3.0.0", "strip-ansi": "^6.0.1" } }, ""],

    "strip-ansi": ["strip-ansi@6.0.1", "", { "dependencies": { "ansi-regex": "^5.0.1" } }, ""],

    "superjson": ["superjson@2.2.2", "", { "dependencies": { "copy-anything": "^3.0.2" } }, ""],

    "tailwind-merge": ["tailwind-merge@3.3.1", "", {}, ""],

    "tailwindcss": ["tailwindcss@4.1.14", "", {}, ""],

    "tailwindcss-primeui": ["tailwindcss-primeui@0.6.1", "", { "peerDependencies": { "tailwindcss": ">=3.1.0" } }, ""],

    "tapable": ["tapable@2.3.0", "", {}, ""],

    "tar": ["tar@7.5.1", "", { "dependencies": { "@isaacs/fs-minipass": "^4.0.0", "chownr": "^3.0.0", "minipass": "^7.1.2", "minizlib": "^3.1.0", "yallist": "^5.0.0" } }, ""],

    "tinyglobby": ["tinyglobby@0.2.15", "", { "dependencies": { "fdir": "^6.5.0", "picomatch": "^4.0.3" } }, ""],

    "tslib": ["tslib@2.8.1", "", {}, ""],

    "uc.micro": ["uc.micro@2.1.0", "", {}, ""],

    "undici-types": ["undici-types@7.14.0", "", {}, ""],

    "update-browserslist-db": ["update-browserslist-db@1.1.3", "", { "dependencies": { "escalade": "^3.2.0", "picocolors": "^1.1.1" }, "peerDependencies": { "browserslist": ">= 4.21.0" }, "bin": "cli.js" }, ""],

    "vite": ["rolldown-vite@7.1.16", "", { "dependencies": { "@oxc-project/runtime": "0.92.0", "fdir": "^6.5.0", "lightningcss": "^1.30.2", "picomatch": "^4.0.3", "postcss": "^8.5.6", "rolldown": "1.0.0-beta.42", "tinyglobby": "^0.2.15" }, "peerDependencies": { "@types/node": "^20.19.0 || >=22.12.0", "esbuild": "^0.25.0", "jiti": ">=1.21.0", "less": "^4.0.0", "sass": "^1.70.0", "sass-embedded": "^1.70.0", "stylus": ">=0.54.8", "sugarss": "^5.0.0", "terser": "^5.16.0", "tsx": "^4.8.1", "yaml": "^2.4.2" }, "optionalPeers": ["esbuild", "less", "sass", "sass-embedded", "stylus", "sugarss", "terser", "tsx", "yaml"], "bin": { "vite": "bin/vite.js" } }, ""],

    "vue": ["vue@3.5.22", "", { "dependencies": { "@vue/compiler-dom": "3.5.22", "@vue/compiler-sfc": "3.5.22", "@vue/runtime-dom": "3.5.22", "@vue/server-renderer": "3.5.22", "@vue/shared": "3.5.22" }, "peerDependencies": { "typescript": "*" }, "optionalPeers": ["typescript"] }, ""],

    "vue-router": ["vue-router@4.5.1", "", { "dependencies": { "@vue/devtools-api": "^6.6.4" }, "peerDependencies": { "vue": "^3.2.0" } }, ""],

    "web-vitals": ["web-vitals@4.2.4", "", {}, ""],

    "websocket-driver": ["websocket-driver@0.7.4", "", { "dependencies": { "http-parser-js": ">=0.5.1", "safe-buffer": ">=5.1.0", "websocket-extensions": ">=0.1.1" } }, ""],

    "websocket-extensions": ["websocket-extensions@0.1.4", "", {}, ""],

    "wrap-ansi": ["wrap-ansi@7.0.0", "", { "dependencies": { "ansi-styles": "^4.0.0", "string-width": "^4.1.0", "strip-ansi": "^6.0.0" } }, ""],

    "y18n": ["y18n@5.0.8", "", {}, ""],

    "yallist": ["yallist@5.0.0", "", {}, ""],

    "yargs": ["yargs@17.7.2", "", { "dependencies": { "cliui": "^8.0.1", "escalade": "^3.1.1", "get-caller-file": "^2.0.5", "require-directory": "^2.1.1", "string-width": "^4.2.3", "y18n": "^5.0.5", "yargs-parser": "^21.1.1" } }, ""],

    "yargs-parser": ["yargs-parser@21.1.1", "", {}, ""],

    "@tailwindcss/node/lightningcss": ["lightningcss@1.30.1", "", { "dependencies": { "detect-libc": "^2.0.3" }, "optionalDependencies": { "lightningcss-win32-x64-msvc": "1.30.1" } }, ""],

    "rolldown/@rolldown/pluginutils": ["@rolldown/pluginutils@1.0.0-beta.42", "", {}, ""],

    "vue-router/@vue/devtools-api": ["@vue/devtools-api@6.6.4", "", {}, ""],

    "@tailwindcss/node/lightningcss/lightningcss-win32-x64-msvc": ["lightningcss-win32-x64-msvc@1.30.1", "", { "os": "win32", "cpu": "x64" }, ""],
  }
}
